{
  "name": "HEJSFJ",
  "lockfileVersion": 3,
  "requires": true,
  "packages": {
    "": {
      "dependencies": {
        "@analytics/google-analytics": "^1.0.7",
        "analytics": "^0.8.11"
      }
    },
    "node_modules/@analytics/cookie-utils": {
      "version": "0.2.12",
      "resolved": "https://registry.npmjs.org/@analytics/cookie-utils/-/cookie-utils-0.2.12.tgz",
      "integrity": "sha512-2h/yuIu3kmu+ZJlKmlT6GoRvUEY2k1BbQBezEv5kGhnn9KpmzPz715Y3GmM2i+m7Y0QmBdVUoA260dQZkofs2A==",
      "dependencies": {
        "@analytics/global-storage-utils": "^0.1.7"
      }
    },
    "node_modules/@analytics/core": {
      "version": "0.12.9",
      "resolved": "https://registry.npmjs.org/@analytics/core/-/core-0.12.9.tgz",
      "integrity": "sha512-jac5Q8iapeDiURFu6BXqT9FCHOENaazKgWXNdlr5lqE9X70XRDi+96weNVNUmkUoAjcP9Yf+xFwGy2dhP5+BnQ==",
      "funding": [
        {
          "type": "GitHub Sponsors",
          "url": "https://github.com/sponsors/davidwells"
        }
      ],
      "dependencies": {
        "@analytics/global-storage-utils": "^0.1.7",
        "@analytics/type-utils": "^0.6.2",
        "analytics-utils": "^1.0.12"
      }
    },
    "node_modules/@analytics/global-storage-utils": {
      "version": "0.1.7",
      "resolved": "https://registry.npmjs.org/@analytics/global-storage-utils/-/global-storage-utils-0.1.7.tgz",
      "integrity": "sha512-V+spzGLZYm4biZT4uefaylm80SrLXf8WOTv9hCgA46cLcyxx3LD4GCpssp1lj+RcWLl/uXJQBRO4Mnn/o1x6Gw==",
      "dependencies": {
        "@analytics/type-utils": "^0.6.2"
      }
    },
    "node_modules/@analytics/google-analytics": {
      "version": "1.0.7",
      "resolved": "https://registry.npmjs.org/@analytics/google-analytics/-/google-analytics-1.0.7.tgz",
      "integrity": "sha512-KZ69NaMIi5kOcouzqI8cu7tZgQl7ziGiRahfU6zniUf32G8bv7wQDh73JFz1NwO6gBPloUc+5BzEoWzScM5Rgw=="
    },
    "node_modules/@analytics/localstorage-utils": {
      "version": "0.1.10",
      "resolved": "https://registry.npmjs.org/@analytics/localstorage-utils/-/localstorage-utils-0.1.10.tgz",
      "integrity": "sha512-uJS+Jp1yLG5VFCgA5T82ZODYBS0xuDQx0NtAZrgbqt9j51BX3TcgmOez5LVkrUNu/lpbxjCLq35I4TKj78VmOQ==",
      "dependencies": {
        "@analytics/global-storage-utils": "^0.1.7"
      }
    },
    "node_modules/@analytics/session-storage-utils": {
      "version": "0.0.7",
      "resolved": "https://registry.npmjs.org/@analytics/session-storage-utils/-/session-storage-utils-0.0.7.tgz",
      "integrity": "sha512-PSv40UxG96HVcjY15e3zOqU2n8IqXnH8XvTkg1X43uXNTKVSebiI2kUjA3Q7ESFbw5DPwcLbJhV7GforpuBLDw==",
      "dependencies": {
        "@analytics/global-storage-utils": "^0.1.7"
      }
    },
    "node_modules/@analytics/storage-utils": {
      "version": "0.4.2",
      "resolved": "https://registry.npmjs.org/@analytics/storage-utils/-/storage-utils-0.4.2.tgz",
      "integrity": "sha512-AXObwyVQw9h2uJh1t2hUgabtVxzYpW+7uKVbdHQK80vr3Td5rrmCxrCxarh7HUuAgSDZ0bZWqmYxVgmwKceaLg==",
      "dependencies": {
        "@analytics/cookie-utils": "^0.2.12",
        "@analytics/global-storage-utils": "^0.1.7",
        "@analytics/localstorage-utils": "^0.1.10",
        "@analytics/session-storage-utils": "^0.0.7",
        "@analytics/type-utils": "^0.6.2"
      }
    },
    "node_modules/@analytics/type-utils": {
      "version": "0.6.2",
      "resolved": "https://registry.npmjs.org/@analytics/type-utils/-/type-utils-0.6.2.tgz",
      "integrity": "sha512-TD+xbmsBLyYy/IxFimW/YL/9L2IEnM7/EoV9Aeh56U64Ify8o27HJcKjo38XY9Tcn0uOq1AX3thkKgvtWvwFQg=="
    },
    "node_modules/@types/dlv": {
      "version": "1.1.4",
      "resolved": "https://registry.npmjs.org/@types/dlv/-/dlv-1.1.4.tgz",
      "integrity": "sha512-m8KmImw4Jt+4rIgupwfivrWEOnj1LzkmKkqbh075uG13eTQ1ZxHWT6T0vIdSQhLIjQCiR0n0lZdtyDOPO1x2Mw==",
      "peer": true
    },
    "node_modules/analytics": {
      "version": "0.8.11",
      "resolved": "https://registry.npmjs.org/analytics/-/analytics-0.8.11.tgz",
      "integrity": "sha512-gNLaprOiuZSviP8rC99E5uk+AWQZJk1OHS350v3XdpPDnsGyxHlNo7s9ZQJeOhvMbG5XOBY3fgZY/tpOl7hiGw==",
      "funding": [
        {
          "type": "GitHub Sponsors",
          "url": "https://github.com/sponsors/davidwells"
        }
      ],
      "dependencies": {
        "@analytics/core": "^0.12.9",
        "@analytics/storage-utils": "^0.4.2"
      }
    },
    "node_modules/analytics-utils": {
      "version": "1.0.12",
      "resolved": "https://registry.npmjs.org/analytics-utils/-/analytics-utils-1.0.12.tgz",
      "integrity": "sha512-WvV2YWgsnXLxaY0QYux0crpBAg/0JA763NmbMVz22jKhMPo7dpTBet8G2IlF7ixTjLDzGlkHk1ZaKqqQmjJ+4w==",
      "dependencies": {
        "@analytics/type-utils": "^0.6.2",
        "dlv": "^1.1.3"
      },
      "peerDependencies": {
        "@types/dlv": "^1.0.0"
      }
    },
    "node_modules/dlv": {
      "version": "1.1.3",
      "resolved": "https://registry.npmjs.org/dlv/-/dlv-1.1.3.tgz",
      "integrity": "sha512-+HlytyjlPKnIG8XuRG8WvmBP8xs8P71y+SKKS6ZXWoEgLuePxtDoUEiH7WkdePWrQ5JBpE6aoVqfZfJUQkjXwA=="
    }
  }
}
